
Microsoft Visual Studio Solution File, Format Version 12.00
# Visual Studio Version 17
VisualStudioVersion = 17.12.35527.113
MinimumVisualStudioVersion = 10.0.40219.1
Project("{FAE04EC0-301F-11D3-BF4B-00C04F79EFBC}") = "SQLeditor", "SQLeditor.csproj", "{93D842F3-CF7B-46C9-97AA-98A4607BDA5C}"
EndProject
Project("{54435603-DBB4-11D2-8724-00A0C9A8B90C}") = "SQLeditorInstaller", "SQLeditorInstaller\SQLeditorInstaller.vdproj", "{012B550F-0D0D-1356-2EF9-9E3DB77C66BA}"
EndProject
Global
	GlobalSection(SolutionConfigurationPlatforms) = preSolution
		Debug|Any CPU = Debug|Any CPU
		Debug|x86 = Debug|x86
		Release|Any CPU = Release|Any CPU
		Release|x86 = Release|x86
	EndGlobalSection
	GlobalSection(ProjectConfigurationPlatforms) = postSolution
		{93D842F3-CF7B-46C9-97AA-98A4607BDA5C}.Debug|Any CPU.ActiveCfg = Debug|Any CPU
		{93D842F3-CF7B-46C9-97AA-98A4607BDA5C}.Debug|Any CPU.Build.0 = Debug|Any CPU
		{93D842F3-CF7B-46C9-97AA-98A4607BDA5C}.Debug|x86.ActiveCfg = Debug|Any CPU
		{93D842F3-CF7B-46C9-97AA-98A4607BDA5C}.Debug|x86.Build.0 = Debug|Any CPU
		{93D842F3-CF7B-46C9-97AA-98A4607BDA5C}.Release|Any CPU.ActiveCfg = Release|Any CPU
		{93D842F3-CF7B-46C9-97AA-98A4607BDA5C}.Release|Any CPU.Build.0 = Release|Any CPU
		{93D842F3-CF7B-46C9-97AA-98A4607BDA5C}.Release|x86.ActiveCfg = Release|Any CPU
		{93D842F3-CF7B-46C9-97AA-98A4607BDA5C}.Release|x86.Build.0 = Release|Any CPU
		{012B550F-0D0D-1356-2EF9-9E3DB77C66BA}.Debug|Any CPU.ActiveCfg = Debug
		{012B550F-0D0D-1356-2EF9-9E3DB77C66BA}.Debug|x86.ActiveCfg = Debug
		{012B550F-0D0D-1356-2EF9-9E3DB77C66BA}.Release|Any CPU.ActiveCfg = Release
		{012B550F-0D0D-1356-2EF9-9E3DB77C66BA}.Release|x86.ActiveCfg = Release
	EndGlobalSection
	GlobalSection(SolutionProperties) = preSolution
		HideSolutionNode = FALSE
	EndGlobalSection
	GlobalSection(ExtensibilityGlobals) = postSolution
		SolutionGuid = {44C5DDA0-CA9E-4C52-9467-FA635AECABFC}
	EndGlobalSection
EndGlobal
